
Microsoft Visual Studio Solution File, Format Version 12.00
# Visual Studio Version 17
VisualStudioVersion = 17.1.32319.34
MinimumVisualStudioVersion = 10.0.40219.1
Project("{2150E333-8FDC-42A3-9474-1A3956D46DE8}") = "Week01", "Week01", "{2DE325B4-AC83-4585-808F-1B46B8064737}"
EndProject
Project("{9A19103F-16F7-4668-BE54-9A1E7A4F7556}") = "Week01_1_Intro", "Week01_1_Intro\Week01_1_Intro.csproj", "{D61CDC5D-DC1A-40A4-9388-23DE6130E251}"
EndProject
Project("{9A19103F-16F7-4668-BE54-9A1E7A4F7556}") = "Week01_2_Intro_UnitTests", "Week01_2_Intro_UnitTests\Week01_2_Intro_UnitTests.csproj", "{3D0B71D0-A267-4F83-8E53-BAE86C289B59}"
EndProject
Project("{9A19103F-16F7-4668-BE54-9A1E7A4F7556}") = "Week01_3_AssemblyDebug", "Week01_3_AssemblyDebug\Week01_3_AssemblyDebug.csproj", "{6109A005-4DD9-44BC-9854-CC7D0B046F5B}"
EndProject
Project("{9A19103F-16F7-4668-BE54-9A1E7A4F7556}") = "Week01_4_Lambda", "Week01_4_Lambda\Week01_4_Lambda.csproj", "{88EFE574-DA8A-4364-B274-7C798A38602A}"
EndProject
Project("{2150E333-8FDC-42A3-9474-1A3956D46DE8}") = "Week02", "Week02", "{262BF809-7056-49D5-B9E9-E63836A41301}"
EndProject
Project("{9A19103F-16F7-4668-BE54-9A1E7A4F7556}") = "Week02_1_Attributes", "Week02_1_Attributes\Week02_1_Attributes.csproj", "{7121B478-305B-49E0-B122-C4E22C056B15}"
EndProject
Project("{9A19103F-16F7-4668-BE54-9A1E7A4F7556}") = "Week02_2_Serialization", "Week02_2_Serialization\Week02_2_Serialization.csproj", "{E48BB5F5-EAA9-40BB-BFAE-13B9D4AC8189}"
EndProject
Project("{2150E333-8FDC-42A3-9474-1A3956D46DE8}") = "Week03", "Week03", "{8E6FBD84-59DD-4BF0-9763-E41B20E8D20C}"
EndProject
Project("{9A19103F-16F7-4668-BE54-9A1E7A4F7556}") = "Week03_1_Reflection", "Week03_1_Reflection\Week03_1_Reflection.csproj", "{FADF7243-9525-4C56-BC45-FE5E7A69F5F9}"
EndProject
Project("{9A19103F-16F7-4668-BE54-9A1E7A4F7556}") = "Week03_2_SqlQueryBuilder", "Week03_2_SqlQueryBuilder\Week03_2_SqlQueryBuilder.csproj", "{3ECB1E26-31F9-4F21-857B-1966CA94C6A8}"
EndProject
Project("{9A19103F-16F7-4668-BE54-9A1E7A4F7556}") = "Week03_3_DynamicKeyword", "Week03_3_DynamicKeyword\Week03_3_DynamicKeyword.csproj", "{C532C573-5781-4071-8985-860AD900EF29}"
EndProject
Project("{2150E333-8FDC-42A3-9474-1A3956D46DE8}") = "Week04", "Week04", "{4064C094-DD4E-46A1-A90F-2E5B2FC0C954}"
EndProject
Project("{9A19103F-16F7-4668-BE54-9A1E7A4F7556}") = "Week04_1_Expressions", "Week04_1_Expressions\Week04_1_Expressions.csproj", "{3DE56FD3-6692-40F0-BC56-C016FF79FF62}"
EndProject
Project("{9A19103F-16F7-4668-BE54-9A1E7A4F7556}") = "Week04_2_ExpressionVisitors", "Week04_2_ExpressionVisitors\Week04_2_ExpressionVisitors.csproj", "{19E24F20-0D36-464B-AB84-083641D99683}"
EndProject
Project("{2150E333-8FDC-42A3-9474-1A3956D46DE8}") = "Week05", "Week05", "{8D222FA4-8320-48AF-BD3C-3C51EA1E2E4C}"
EndProject
Project("{9A19103F-16F7-4668-BE54-9A1E7A4F7556}") = "Week05_1_AsyncEx", "Week05_1_AsyncEx\Week05_1_AsyncEx.csproj", "{9332A37E-0EA7-4768-9AA3-19FD421150A6}"
EndProject
Project("{9A19103F-16F7-4668-BE54-9A1E7A4F7556}") = "Week05_2_ErrorHandling", "Week05_2_ErrorHandling\Week05_2_ErrorHandling.csproj", "{9F0F1297-3ADD-4FDD-A598-5B63089ED11A}"
EndProject
Project("{9A19103F-16F7-4668-BE54-9A1E7A4F7556}") = "Week05_3_MultiTask_WhenAny", "Week05_3_MultiTask_WhenAny\Week05_3_MultiTask_WhenAny.csproj", "{0CE332EB-B897-439B-89BD-03F4F47448E9}"
EndProject
Project("{2150E333-8FDC-42A3-9474-1A3956D46DE8}") = "Week06", "Week06", "{57549735-5FEA-4B16-BFC6-44690338AB92}"
EndProject
Project("{9A19103F-16F7-4668-BE54-9A1E7A4F7556}") = "Week06_1_AsyncProgrammingModel", "Week06_1_AsyncProgrammingModel\Week06_1_AsyncProgrammingModel.csproj", "{276CA98B-C5EE-42B1-B15C-AD74CC00FEB2}"
EndProject
Project("{9A19103F-16F7-4668-BE54-9A1E7A4F7556}") = "Week06_2_AsyncDatabaseAccess", "Week06_2_AsyncDatabaseAccess\Week06_2_AsyncDatabaseAccess.csproj", "{4029FBC5-1946-4A75-8AC5-B305AAD23141}"
EndProject
Project("{2150E333-8FDC-42A3-9474-1A3956D46DE8}") = "Week07", "Week07", "{A8E01102-403F-4B80-950B-F7F85BD7E012}"
EndProject
Project("{9A19103F-16F7-4668-BE54-9A1E7A4F7556}") = "Week07_1_HttpListener", "Week07_1_HttpListener\Week07_1_HttpListener.csproj", "{13B1EABD-5731-462C-9052-3727A5103115}"
EndProject
Project("{9A19103F-16F7-4668-BE54-9A1E7A4F7556}") = "Week07_2_WebAPI", "Week07_2_WebAPI\Week07_2_WebAPI.csproj", "{93E7C6F5-4E49-4D84-957F-1EE08DFDD343}"
EndProject
Project("{9A19103F-16F7-4668-BE54-9A1E7A4F7556}") = "Week07_3_KestrelWebServer", "Week07_3_KestrelWebServer\Week07_3_KestrelWebServer.csproj", "{41A8E8E7-379A-4A75-977C-E3B0AE03CA04}"
EndProject
Project("{9A19103F-16F7-4668-BE54-9A1E7A4F7556}") = "Week07_4_KestrelWebServerShared", "Week07_4_KestrelWebServer.Shared\Week07_4_KestrelWebServerShared.csproj", "{6126E261-2F51-44E1-9F1B-A1361019C5F0}"
EndProject
Project("{9A19103F-16F7-4668-BE54-9A1E7A4F7556}") = "Week07_5_KestrelWebServer_Client", "Week07_5_KestrelWebServer.Client\Week07_5_KestrelWebServer_Client.csproj", "{D5B7E68F-A8E7-40F9-997E-4AA3C9F1D462}"
EndProject
Project("{2150E333-8FDC-42A3-9474-1A3956D46DE8}") = "Week08", "Week08", "{E1363782-3557-41E4-A65C-F000CB782DDA}"
EndProject
Project("{9A19103F-16F7-4668-BE54-9A1E7A4F7556}") = "Week08_1_SignalREx", "Week08_1_SignalREx\Week08_1_SignalREx.csproj", "{1AED9C2A-5644-43ED-A43B-63C2155E3EE2}"
EndProject
Project("{2150E333-8FDC-42A3-9474-1A3956D46DE8}") = "Week09", "Week09", "{11755A9B-7651-4EAA-B2B8-7129367125CB}"
EndProject
Project("{FAE04EC0-301F-11D3-BF4B-00C04F79EFBC}") = "Week09_1_Multithreading", "Week09_1_Multithreading\Week09_1_Multithreading.csproj", "{70EA1606-7F31-4CBF-BA1A-27EDEBAE7A16}"
EndProject
Global
	GlobalSection(SolutionConfigurationPlatforms) = preSolution
		Debug|Any CPU = Debug|Any CPU
		Release|Any CPU = Release|Any CPU
	EndGlobalSection
	GlobalSection(ProjectConfigurationPlatforms) = postSolution
		{D61CDC5D-DC1A-40A4-9388-23DE6130E251}.Debug|Any CPU.ActiveCfg = Debug|Any CPU
		{D61CDC5D-DC1A-40A4-9388-23DE6130E251}.Debug|Any CPU.Build.0 = Debug|Any CPU
		{D61CDC5D-DC1A-40A4-9388-23DE6130E251}.Release|Any CPU.ActiveCfg = Release|Any CPU
		{D61CDC5D-DC1A-40A4-9388-23DE6130E251}.Release|Any CPU.Build.0 = Release|Any CPU
		{3D0B71D0-A267-4F83-8E53-BAE86C289B59}.Debug|Any CPU.ActiveCfg = Debug|Any CPU
		{3D0B71D0-A267-4F83-8E53-BAE86C289B59}.Debug|Any CPU.Build.0 = Debug|Any CPU
		{3D0B71D0-A267-4F83-8E53-BAE86C289B59}.Release|Any CPU.ActiveCfg = Release|Any CPU
		{3D0B71D0-A267-4F83-8E53-BAE86C289B59}.Release|Any CPU.Build.0 = Release|Any CPU
		{6109A005-4DD9-44BC-9854-CC7D0B046F5B}.Debug|Any CPU.ActiveCfg = Debug|Any CPU
		{6109A005-4DD9-44BC-9854-CC7D0B046F5B}.Debug|Any CPU.Build.0 = Debug|Any CPU
		{6109A005-4DD9-44BC-9854-CC7D0B046F5B}.Release|Any CPU.ActiveCfg = Release|Any CPU
		{6109A005-4DD9-44BC-9854-CC7D0B046F5B}.Release|Any CPU.Build.0 = Release|Any CPU
		{88EFE574-DA8A-4364-B274-7C798A38602A}.Debug|Any CPU.ActiveCfg = Debug|Any CPU
		{88EFE574-DA8A-4364-B274-7C798A38602A}.Debug|Any CPU.Build.0 = Debug|Any CPU
		{88EFE574-DA8A-4364-B274-7C798A38602A}.Release|Any CPU.ActiveCfg = Release|Any CPU
		{88EFE574-DA8A-4364-B274-7C798A38602A}.Release|Any CPU.Build.0 = Release|Any CPU
		{7121B478-305B-49E0-B122-C4E22C056B15}.Debug|Any CPU.ActiveCfg = Debug|Any CPU
		{7121B478-305B-49E0-B122-C4E22C056B15}.Debug|Any CPU.Build.0 = Debug|Any CPU
		{7121B478-305B-49E0-B122-C4E22C056B15}.Release|Any CPU.ActiveCfg = Release|Any CPU
		{7121B478-305B-49E0-B122-C4E22C056B15}.Release|Any CPU.Build.0 = Release|Any CPU
		{E48BB5F5-EAA9-40BB-BFAE-13B9D4AC8189}.Debug|Any CPU.ActiveCfg = Debug|Any CPU
		{E48BB5F5-EAA9-40BB-BFAE-13B9D4AC8189}.Debug|Any CPU.Build.0 = Debug|Any CPU
		{E48BB5F5-EAA9-40BB-BFAE-13B9D4AC8189}.Release|Any CPU.ActiveCfg = Release|Any CPU
		{E48BB5F5-EAA9-40BB-BFAE-13B9D4AC8189}.Release|Any CPU.Build.0 = Release|Any CPU
		{FADF7243-9525-4C56-BC45-FE5E7A69F5F9}.Debug|Any CPU.ActiveCfg = Debug|Any CPU
		{FADF7243-9525-4C56-BC45-FE5E7A69F5F9}.Debug|Any CPU.Build.0 = Debug|Any CPU
		{FADF7243-9525-4C56-BC45-FE5E7A69F5F9}.Release|Any CPU.ActiveCfg = Release|Any CPU
		{FADF7243-9525-4C56-BC45-FE5E7A69F5F9}.Release|Any CPU.Build.0 = Release|Any CPU
		{3ECB1E26-31F9-4F21-857B-1966CA94C6A8}.Debug|Any CPU.ActiveCfg = Debug|Any CPU
		{3ECB1E26-31F9-4F21-857B-1966CA94C6A8}.Debug|Any CPU.Build.0 = Debug|Any CPU
		{3ECB1E26-31F9-4F21-857B-1966CA94C6A8}.Release|Any CPU.ActiveCfg = Release|Any CPU
		{3ECB1E26-31F9-4F21-857B-1966CA94C6A8}.Release|Any CPU.Build.0 = Release|Any CPU
		{C532C573-5781-4071-8985-860AD900EF29}.Debug|Any CPU.ActiveCfg = Debug|Any CPU
		{C532C573-5781-4071-8985-860AD900EF29}.Debug|Any CPU.Build.0 = Debug|Any CPU
		{C532C573-5781-4071-8985-860AD900EF29}.Release|Any CPU.ActiveCfg = Release|Any CPU
		{C532C573-5781-4071-8985-860AD900EF29}.Release|Any CPU.Build.0 = Release|Any CPU
		{3DE56FD3-6692-40F0-BC56-C016FF79FF62}.Debug|Any CPU.ActiveCfg = Debug|Any CPU
		{3DE56FD3-6692-40F0-BC56-C016FF79FF62}.Debug|Any CPU.Build.0 = Debug|Any CPU
		{3DE56FD3-6692-40F0-BC56-C016FF79FF62}.Release|Any CPU.ActiveCfg = Release|Any CPU
		{3DE56FD3-6692-40F0-BC56-C016FF79FF62}.Release|Any CPU.Build.0 = Release|Any CPU
		{19E24F20-0D36-464B-AB84-083641D99683}.Debug|Any CPU.ActiveCfg = Debug|Any CPU
		{19E24F20-0D36-464B-AB84-083641D99683}.Debug|Any CPU.Build.0 = Debug|Any CPU
		{19E24F20-0D36-464B-AB84-083641D99683}.Release|Any CPU.ActiveCfg = Release|Any CPU
		{19E24F20-0D36-464B-AB84-083641D99683}.Release|Any CPU.Build.0 = Release|Any CPU
		{9332A37E-0EA7-4768-9AA3-19FD421150A6}.Debug|Any CPU.ActiveCfg = Debug|Any CPU
		{9332A37E-0EA7-4768-9AA3-19FD421150A6}.Debug|Any CPU.Build.0 = Debug|Any CPU
		{9332A37E-0EA7-4768-9AA3-19FD421150A6}.Release|Any CPU.ActiveCfg = Release|Any CPU
		{9332A37E-0EA7-4768-9AA3-19FD421150A6}.Release|Any CPU.Build.0 = Release|Any CPU
		{9F0F1297-3ADD-4FDD-A598-5B63089ED11A}.Debug|Any CPU.ActiveCfg = Debug|Any CPU
		{9F0F1297-3ADD-4FDD-A598-5B63089ED11A}.Debug|Any CPU.Build.0 = Debug|Any CPU
		{9F0F1297-3ADD-4FDD-A598-5B63089ED11A}.Release|Any CPU.ActiveCfg = Release|Any CPU
		{9F0F1297-3ADD-4FDD-A598-5B63089ED11A}.Release|Any CPU.Build.0 = Release|Any CPU
		{0CE332EB-B897-439B-89BD-03F4F47448E9}.Debug|Any CPU.ActiveCfg = Debug|Any CPU
		{0CE332EB-B897-439B-89BD-03F4F47448E9}.Debug|Any CPU.Build.0 = Debug|Any CPU
		{0CE332EB-B897-439B-89BD-03F4F47448E9}.Release|Any CPU.ActiveCfg = Release|Any CPU
		{0CE332EB-B897-439B-89BD-03F4F47448E9}.Release|Any CPU.Build.0 = Release|Any CPU
		{276CA98B-C5EE-42B1-B15C-AD74CC00FEB2}.Debug|Any CPU.ActiveCfg = Debug|Any CPU
		{276CA98B-C5EE-42B1-B15C-AD74CC00FEB2}.Debug|Any CPU.Build.0 = Debug|Any CPU
		{276CA98B-C5EE-42B1-B15C-AD74CC00FEB2}.Release|Any CPU.ActiveCfg = Release|Any CPU
		{276CA98B-C5EE-42B1-B15C-AD74CC00FEB2}.Release|Any CPU.Build.0 = Release|Any CPU
		{4029FBC5-1946-4A75-8AC5-B305AAD23141}.Debug|Any CPU.ActiveCfg = Debug|Any CPU
		{4029FBC5-1946-4A75-8AC5-B305AAD23141}.Debug|Any CPU.Build.0 = Debug|Any CPU
		{4029FBC5-1946-4A75-8AC5-B305AAD23141}.Release|Any CPU.ActiveCfg = Release|Any CPU
		{4029FBC5-1946-4A75-8AC5-B305AAD23141}.Release|Any CPU.Build.0 = Release|Any CPU
		{13B1EABD-5731-462C-9052-3727A5103115}.Debug|Any CPU.ActiveCfg = Debug|Any CPU
		{13B1EABD-5731-462C-9052-3727A5103115}.Debug|Any CPU.Build.0 = Debug|Any CPU
		{13B1EABD-5731-462C-9052-3727A5103115}.Release|Any CPU.ActiveCfg = Release|Any CPU
		{13B1EABD-5731-462C-9052-3727A5103115}.Release|Any CPU.Build.0 = Release|Any CPU
		{93E7C6F5-4E49-4D84-957F-1EE08DFDD343}.Debug|Any CPU.ActiveCfg = Debug|Any CPU
		{93E7C6F5-4E49-4D84-957F-1EE08DFDD343}.Debug|Any CPU.Build.0 = Debug|Any CPU
		{93E7C6F5-4E49-4D84-957F-1EE08DFDD343}.Release|Any CPU.ActiveCfg = Release|Any CPU
		{93E7C6F5-4E49-4D84-957F-1EE08DFDD343}.Release|Any CPU.Build.0 = Release|Any CPU
		{41A8E8E7-379A-4A75-977C-E3B0AE03CA04}.Debug|Any CPU.ActiveCfg = Debug|Any CPU
		{41A8E8E7-379A-4A75-977C-E3B0AE03CA04}.Debug|Any CPU.Build.0 = Debug|Any CPU
		{41A8E8E7-379A-4A75-977C-E3B0AE03CA04}.Release|Any CPU.ActiveCfg = Release|Any CPU
		{41A8E8E7-379A-4A75-977C-E3B0AE03CA04}.Release|Any CPU.Build.0 = Release|Any CPU
		{6126E261-2F51-44E1-9F1B-A1361019C5F0}.Debug|Any CPU.ActiveCfg = Debug|Any CPU
		{6126E261-2F51-44E1-9F1B-A1361019C5F0}.Debug|Any CPU.Build.0 = Debug|Any CPU
		{6126E261-2F51-44E1-9F1B-A1361019C5F0}.Release|Any CPU.ActiveCfg = Release|Any CPU
		{6126E261-2F51-44E1-9F1B-A1361019C5F0}.Release|Any CPU.Build.0 = Release|Any CPU
		{D5B7E68F-A8E7-40F9-997E-4AA3C9F1D462}.Debug|Any CPU.ActiveCfg = Debug|Any CPU
		{D5B7E68F-A8E7-40F9-997E-4AA3C9F1D462}.Debug|Any CPU.Build.0 = Debug|Any CPU
		{D5B7E68F-A8E7-40F9-997E-4AA3C9F1D462}.Release|Any CPU.ActiveCfg = Release|Any CPU
		{D5B7E68F-A8E7-40F9-997E-4AA3C9F1D462}.Release|Any CPU.Build.0 = Release|Any CPU
		{1AED9C2A-5644-43ED-A43B-63C2155E3EE2}.Debug|Any CPU.ActiveCfg = Debug|Any CPU
		{1AED9C2A-5644-43ED-A43B-63C2155E3EE2}.Debug|Any CPU.Build.0 = Debug|Any CPU
		{1AED9C2A-5644-43ED-A43B-63C2155E3EE2}.Release|Any CPU.ActiveCfg = Release|Any CPU
		{1AED9C2A-5644-43ED-A43B-63C2155E3EE2}.Release|Any CPU.Build.0 = Release|Any CPU
		{70EA1606-7F31-4CBF-BA1A-27EDEBAE7A16}.Debug|Any CPU.ActiveCfg = Debug|Any CPU
		{70EA1606-7F31-4CBF-BA1A-27EDEBAE7A16}.Debug|Any CPU.Build.0 = Debug|Any CPU
		{70EA1606-7F31-4CBF-BA1A-27EDEBAE7A16}.Release|Any CPU.ActiveCfg = Release|Any CPU
		{70EA1606-7F31-4CBF-BA1A-27EDEBAE7A16}.Release|Any CPU.Build.0 = Release|Any CPU
	EndGlobalSection
	GlobalSection(SolutionProperties) = preSolution
		HideSolutionNode = FALSE
	EndGlobalSection
	GlobalSection(NestedProjects) = preSolution
		{D61CDC5D-DC1A-40A4-9388-23DE6130E251} = {2DE325B4-AC83-4585-808F-1B46B8064737}
		{3D0B71D0-A267-4F83-8E53-BAE86C289B59} = {2DE325B4-AC83-4585-808F-1B46B8064737}
		{6109A005-4DD9-44BC-9854-CC7D0B046F5B} = {2DE325B4-AC83-4585-808F-1B46B8064737}
		{88EFE574-DA8A-4364-B274-7C798A38602A} = {2DE325B4-AC83-4585-808F-1B46B8064737}
		{7121B478-305B-49E0-B122-C4E22C056B15} = {262BF809-7056-49D5-B9E9-E63836A41301}
		{E48BB5F5-EAA9-40BB-BFAE-13B9D4AC8189} = {262BF809-7056-49D5-B9E9-E63836A41301}
		{FADF7243-9525-4C56-BC45-FE5E7A69F5F9} = {8E6FBD84-59DD-4BF0-9763-E41B20E8D20C}
		{3ECB1E26-31F9-4F21-857B-1966CA94C6A8} = {8E6FBD84-59DD-4BF0-9763-E41B20E8D20C}
		{C532C573-5781-4071-8985-860AD900EF29} = {8E6FBD84-59DD-4BF0-9763-E41B20E8D20C}
		{3DE56FD3-6692-40F0-BC56-C016FF79FF62} = {4064C094-DD4E-46A1-A90F-2E5B2FC0C954}
		{19E24F20-0D36-464B-AB84-083641D99683} = {4064C094-DD4E-46A1-A90F-2E5B2FC0C954}
		{9332A37E-0EA7-4768-9AA3-19FD421150A6} = {8D222FA4-8320-48AF-BD3C-3C51EA1E2E4C}
		{9F0F1297-3ADD-4FDD-A598-5B63089ED11A} = {8D222FA4-8320-48AF-BD3C-3C51EA1E2E4C}
		{0CE332EB-B897-439B-89BD-03F4F47448E9} = {8D222FA4-8320-48AF-BD3C-3C51EA1E2E4C}
		{276CA98B-C5EE-42B1-B15C-AD74CC00FEB2} = {57549735-5FEA-4B16-BFC6-44690338AB92}
		{4029FBC5-1946-4A75-8AC5-B305AAD23141} = {57549735-5FEA-4B16-BFC6-44690338AB92}
		{13B1EABD-5731-462C-9052-3727A5103115} = {A8E01102-403F-4B80-950B-F7F85BD7E012}
		{93E7C6F5-4E49-4D84-957F-1EE08DFDD343} = {A8E01102-403F-4B80-950B-F7F85BD7E012}
		{41A8E8E7-379A-4A75-977C-E3B0AE03CA04} = {A8E01102-403F-4B80-950B-F7F85BD7E012}
		{6126E261-2F51-44E1-9F1B-A1361019C5F0} = {A8E01102-403F-4B80-950B-F7F85BD7E012}
		{D5B7E68F-A8E7-40F9-997E-4AA3C9F1D462} = {A8E01102-403F-4B80-950B-F7F85BD7E012}
		{1AED9C2A-5644-43ED-A43B-63C2155E3EE2} = {E1363782-3557-41E4-A65C-F000CB782DDA}
		{70EA1606-7F31-4CBF-BA1A-27EDEBAE7A16} = {11755A9B-7651-4EAA-B2B8-7129367125CB}
	EndGlobalSection
	GlobalSection(ExtensibilityGlobals) = postSolution
		SolutionGuid = {D63E537D-A07C-40E7-9440-591450607814}
	EndGlobalSection
EndGlobal
