
Microsoft Visual Studio Solution File, Format Version 12.00
# Visual Studio Version 17
VisualStudioVersion = 17.1.32319.34
MinimumVisualStudioVersion = 10.0.40219.1
Project("{2150E333-8FDC-42A3-9474-1A3956D46DE8}") = "Week01", "Week01", "{2DE325B4-AC83-4585-808F-1B46B8064737}"
EndProject
Project("{9A19103F-16F7-4668-BE54-9A1E7A4F7556}") = "Week01_1_Intro", "Week01_1_Intro\Week01_1_Intro.csproj", "{D61CDC5D-DC1A-40A4-9388-23DE6130E251}"
EndProject
Project("{9A19103F-16F7-4668-BE54-9A1E7A4F7556}") = "Week01_2_Intro_UnitTests", "Week01_2_Intro_UnitTests\Week01_2_Intro_UnitTests.csproj", "{3D0B71D0-A267-4F83-8E53-BAE86C289B59}"
EndProject
Project("{9A19103F-16F7-4668-BE54-9A1E7A4F7556}") = "Week01_3_AssemblyDebug", "Week01_3_AssemblyDebug\Week01_3_AssemblyDebug.csproj", "{6109A005-4DD9-44BC-9854-CC7D0B046F5B}"
EndProject
Project("{9A19103F-16F7-4668-BE54-9A1E7A4F7556}") = "Week01_4_Lambda", "Week01_4_Lambda\Week01_4_Lambda.csproj", "{88EFE574-DA8A-4364-B274-7C798A38602A}"
EndProject
Project("{2150E333-8FDC-42A3-9474-1A3956D46DE8}") = "Week02", "Week02", "{262BF809-7056-49D5-B9E9-E63836A41301}"
EndProject
Project("{9A19103F-16F7-4668-BE54-9A1E7A4F7556}") = "Week02_1_Attributes", "Week02_1_Attributes\Week02_1_Attributes.csproj", "{7121B478-305B-49E0-B122-C4E22C056B15}"
EndProject
Project("{9A19103F-16F7-4668-BE54-9A1E7A4F7556}") = "Week02_2_Serialization", "Week02_2_Serialization\Week02_2_Serialization.csproj", "{E48BB5F5-EAA9-40BB-BFAE-13B9D4AC8189}"
EndProject
Project("{2150E333-8FDC-42A3-9474-1A3956D46DE8}") = "Week03", "Week03", "{8E6FBD84-59DD-4BF0-9763-E41B20E8D20C}"
EndProject
Project("{9A19103F-16F7-4668-BE54-9A1E7A4F7556}") = "Week03_1_Reflection", "Week03_1_Reflection\Week03_1_Reflection.csproj", "{FADF7243-9525-4C56-BC45-FE5E7A69F5F9}"
EndProject
Project("{9A19103F-16F7-4668-BE54-9A1E7A4F7556}") = "Week03_2_SqlQueryBuilder", "Week03_2_SqlQueryBuilder\Week03_2_SqlQueryBuilder.csproj", "{3ECB1E26-31F9-4F21-857B-1966CA94C6A8}"
EndProject
Project("{9A19103F-16F7-4668-BE54-9A1E7A4F7556}") = "Week03_3_DynamicKeyword", "Week03_3_DynamicKeyword\Week03_3_DynamicKeyword.csproj", "{C532C573-5781-4071-8985-860AD900EF29}"
EndProject
Project("{2150E333-8FDC-42A3-9474-1A3956D46DE8}") = "Week04", "Week04", "{4064C094-DD4E-46A1-A90F-2E5B2FC0C954}"
EndProject
Project("{FAE04EC0-301F-11D3-BF4B-00C04F79EFBC}") = "Week04_1_Expressions", "Week04_1_Expressions\Week04_1_Expressions.csproj", "{3DE56FD3-6692-40F0-BC56-C016FF79FF62}"
EndProject
Global
	GlobalSection(SolutionConfigurationPlatforms) = preSolution
		Debug|Any CPU = Debug|Any CPU
		Release|Any CPU = Release|Any CPU
	EndGlobalSection
	GlobalSection(ProjectConfigurationPlatforms) = postSolution
		{D61CDC5D-DC1A-40A4-9388-23DE6130E251}.Debug|Any CPU.ActiveCfg = Debug|Any CPU
		{D61CDC5D-DC1A-40A4-9388-23DE6130E251}.Debug|Any CPU.Build.0 = Debug|Any CPU
		{D61CDC5D-DC1A-40A4-9388-23DE6130E251}.Release|Any CPU.ActiveCfg = Release|Any CPU
		{D61CDC5D-DC1A-40A4-9388-23DE6130E251}.Release|Any CPU.Build.0 = Release|Any CPU
		{3D0B71D0-A267-4F83-8E53-BAE86C289B59}.Debug|Any CPU.ActiveCfg = Debug|Any CPU
		{3D0B71D0-A267-4F83-8E53-BAE86C289B59}.Debug|Any CPU.Build.0 = Debug|Any CPU
		{3D0B71D0-A267-4F83-8E53-BAE86C289B59}.Release|Any CPU.ActiveCfg = Release|Any CPU
		{3D0B71D0-A267-4F83-8E53-BAE86C289B59}.Release|Any CPU.Build.0 = Release|Any CPU
		{6109A005-4DD9-44BC-9854-CC7D0B046F5B}.Debug|Any CPU.ActiveCfg = Debug|Any CPU
		{6109A005-4DD9-44BC-9854-CC7D0B046F5B}.Debug|Any CPU.Build.0 = Debug|Any CPU
		{6109A005-4DD9-44BC-9854-CC7D0B046F5B}.Release|Any CPU.ActiveCfg = Release|Any CPU
		{6109A005-4DD9-44BC-9854-CC7D0B046F5B}.Release|Any CPU.Build.0 = Release|Any CPU
		{88EFE574-DA8A-4364-B274-7C798A38602A}.Debug|Any CPU.ActiveCfg = Debug|Any CPU
		{88EFE574-DA8A-4364-B274-7C798A38602A}.Debug|Any CPU.Build.0 = Debug|Any CPU
		{88EFE574-DA8A-4364-B274-7C798A38602A}.Release|Any CPU.ActiveCfg = Release|Any CPU
		{88EFE574-DA8A-4364-B274-7C798A38602A}.Release|Any CPU.Build.0 = Release|Any CPU
		{7121B478-305B-49E0-B122-C4E22C056B15}.Debug|Any CPU.ActiveCfg = Debug|Any CPU
		{7121B478-305B-49E0-B122-C4E22C056B15}.Debug|Any CPU.Build.0 = Debug|Any CPU
		{7121B478-305B-49E0-B122-C4E22C056B15}.Release|Any CPU.ActiveCfg = Release|Any CPU
		{7121B478-305B-49E0-B122-C4E22C056B15}.Release|Any CPU.Build.0 = Release|Any CPU
		{E48BB5F5-EAA9-40BB-BFAE-13B9D4AC8189}.Debug|Any CPU.ActiveCfg = Debug|Any CPU
		{E48BB5F5-EAA9-40BB-BFAE-13B9D4AC8189}.Debug|Any CPU.Build.0 = Debug|Any CPU
		{E48BB5F5-EAA9-40BB-BFAE-13B9D4AC8189}.Release|Any CPU.ActiveCfg = Release|Any CPU
		{E48BB5F5-EAA9-40BB-BFAE-13B9D4AC8189}.Release|Any CPU.Build.0 = Release|Any CPU
		{FADF7243-9525-4C56-BC45-FE5E7A69F5F9}.Debug|Any CPU.ActiveCfg = Debug|Any CPU
		{FADF7243-9525-4C56-BC45-FE5E7A69F5F9}.Debug|Any CPU.Build.0 = Debug|Any CPU
		{FADF7243-9525-4C56-BC45-FE5E7A69F5F9}.Release|Any CPU.ActiveCfg = Release|Any CPU
		{FADF7243-9525-4C56-BC45-FE5E7A69F5F9}.Release|Any CPU.Build.0 = Release|Any CPU
		{3ECB1E26-31F9-4F21-857B-1966CA94C6A8}.Debug|Any CPU.ActiveCfg = Debug|Any CPU
		{3ECB1E26-31F9-4F21-857B-1966CA94C6A8}.Debug|Any CPU.Build.0 = Debug|Any CPU
		{3ECB1E26-31F9-4F21-857B-1966CA94C6A8}.Release|Any CPU.ActiveCfg = Release|Any CPU
		{3ECB1E26-31F9-4F21-857B-1966CA94C6A8}.Release|Any CPU.Build.0 = Release|Any CPU
		{C532C573-5781-4071-8985-860AD900EF29}.Debug|Any CPU.ActiveCfg = Debug|Any CPU
		{C532C573-5781-4071-8985-860AD900EF29}.Debug|Any CPU.Build.0 = Debug|Any CPU
		{C532C573-5781-4071-8985-860AD900EF29}.Release|Any CPU.ActiveCfg = Release|Any CPU
		{C532C573-5781-4071-8985-860AD900EF29}.Release|Any CPU.Build.0 = Release|Any CPU
		{3DE56FD3-6692-40F0-BC56-C016FF79FF62}.Debug|Any CPU.ActiveCfg = Debug|Any CPU
		{3DE56FD3-6692-40F0-BC56-C016FF79FF62}.Debug|Any CPU.Build.0 = Debug|Any CPU
		{3DE56FD3-6692-40F0-BC56-C016FF79FF62}.Release|Any CPU.ActiveCfg = Release|Any CPU
		{3DE56FD3-6692-40F0-BC56-C016FF79FF62}.Release|Any CPU.Build.0 = Release|Any CPU
	EndGlobalSection
	GlobalSection(SolutionProperties) = preSolution
		HideSolutionNode = FALSE
	EndGlobalSection
	GlobalSection(NestedProjects) = preSolution
		{D61CDC5D-DC1A-40A4-9388-23DE6130E251} = {2DE325B4-AC83-4585-808F-1B46B8064737}
		{3D0B71D0-A267-4F83-8E53-BAE86C289B59} = {2DE325B4-AC83-4585-808F-1B46B8064737}
		{6109A005-4DD9-44BC-9854-CC7D0B046F5B} = {2DE325B4-AC83-4585-808F-1B46B8064737}
		{88EFE574-DA8A-4364-B274-7C798A38602A} = {2DE325B4-AC83-4585-808F-1B46B8064737}
		{7121B478-305B-49E0-B122-C4E22C056B15} = {262BF809-7056-49D5-B9E9-E63836A41301}
		{E48BB5F5-EAA9-40BB-BFAE-13B9D4AC8189} = {262BF809-7056-49D5-B9E9-E63836A41301}
		{FADF7243-9525-4C56-BC45-FE5E7A69F5F9} = {8E6FBD84-59DD-4BF0-9763-E41B20E8D20C}
		{3ECB1E26-31F9-4F21-857B-1966CA94C6A8} = {8E6FBD84-59DD-4BF0-9763-E41B20E8D20C}
		{C532C573-5781-4071-8985-860AD900EF29} = {8E6FBD84-59DD-4BF0-9763-E41B20E8D20C}
		{3DE56FD3-6692-40F0-BC56-C016FF79FF62} = {4064C094-DD4E-46A1-A90F-2E5B2FC0C954}
	EndGlobalSection
	GlobalSection(ExtensibilityGlobals) = postSolution
		SolutionGuid = {D63E537D-A07C-40E7-9440-591450607814}
	EndGlobalSection
EndGlobal
